
Microsoft Visual Studio Solution File, Format Version 12.00
# Visual Studio Version 17
VisualStudioVersion = 17.0.32014.148
MinimumVisualStudioVersion = 10.0.40219.1
Project("{FAE04EC0-301F-11D3-BF4B-00C04F79EFBC}") = "Api_testingP", "Api_testingP\Api_testingP.csproj", "{CABCACF4-F695-44AA-9BA7-ECDB4C3EA379}"
EndProject
Global
	GlobalSection(SolutionConfigurationPlatforms) = preSolution
		Debug|Any CPU = Debug|Any CPU
		Release|Any CPU = Release|Any CPU
	EndGlobalSection
	GlobalSection(ProjectConfigurationPlatforms) = postSolution
		{CABCACF4-F695-44AA-9BA7-ECDB4C3EA379}.Debug|Any CPU.ActiveCfg = Debug|Any CPU
		{CABCACF4-F695-44AA-9BA7-ECDB4C3EA379}.Debug|Any CPU.Build.0 = Debug|Any CPU
		{CABCACF4-F695-44AA-9BA7-ECDB4C3EA379}.Release|Any CPU.ActiveCfg = Release|Any CPU
		{CABCACF4-F695-44AA-9BA7-ECDB4C3EA379}.Release|Any CPU.Build.0 = Release|Any CPU
	EndGlobalSection
	GlobalSection(SolutionProperties) = preSolution
		HideSolutionNode = FALSE
	EndGlobalSection
	GlobalSection(ExtensibilityGlobals) = postSolution
		SolutionGuid = {57AFB69D-A3E3-4178-AB44-5D3050482B60}
	EndGlobalSection
EndGlobal
